
Microsoft Visual Studio Solution File, Format Version 12.00
# Visual Studio 15
VisualStudioVersion = 15.0.26124.0
MinimumVisualStudioVersion = 15.0.26124.0
Project("{FAE04EC0-301F-11D3-BF4B-00C04F79EFBC}") = "JCUI", "JCUI\JCUI.csproj", "{B124F9EA-94F7-4B16-AF6A-932326B5A02B}"
EndProject
Project("{FAE04EC0-301F-11D3-BF4B-00C04F79EFBC}") = "JCBL", "JCBL\JCBL.csproj", "{39DED078-3954-41D5-A88C-01703E71DD1B}"
EndProject
Project("{FAE04EC0-301F-11D3-BF4B-00C04F79EFBC}") = "JerkyLib", "JerkyLib\JerkyLib.csproj", "{C07436AA-539B-498E-9252-C13EFD28605C}"
EndProject
Project("{FAE04EC0-301F-11D3-BF4B-00C04F79EFBC}") = "LocationLib", "LocationLib\LocationLib.csproj", "{AEE70B5A-448C-48BF-BB76-2803085A81C7}"
EndProject
Project("{FAE04EC0-301F-11D3-BF4B-00C04F79EFBC}") = "OrderLib", "OrderLib\OrderLib.csproj", "{2A3C3509-D403-469B-BF96-628C96ABA37A}"
EndProject
Project("{FAE04EC0-301F-11D3-BF4B-00C04F79EFBC}") = "UserLib", "UserLib\UserLib.csproj", "{80075CCE-EAE7-42B0-8493-2ED1230C793E}"
EndProject
Project("{FAE04EC0-301F-11D3-BF4B-00C04F79EFBC}") = "JCDB", "JCDB\JCDB.csproj", "{322CD762-235B-4879-B1D6-5D88D8F69D2E}"
EndProject
Project("{FAE04EC0-301F-11D3-BF4B-00C04F79EFBC}") = "InventoryLib", "InventoryLib\InventoryLib.csproj", "{5F94DC4B-7391-4345-898C-4575B65309A3}"
EndProject
Project("{FAE04EC0-301F-11D3-BF4B-00C04F79EFBC}") = "BrandLib", "BrandLib\BrandLib.csproj", "{CD5C1198-DFAF-43ED-BB89-ED7A4F82B663}"
EndProject
Project("{FAE04EC0-301F-11D3-BF4B-00C04F79EFBC}") = "CategoryLib", "CategoryLib\CategoryLib.csproj", "{A7364C49-F85F-4855-A1CA-C1A6DB9DC813}"
EndProject
Global
	GlobalSection(SolutionConfigurationPlatforms) = preSolution
		Debug|Any CPU = Debug|Any CPU
		Debug|x64 = Debug|x64
		Debug|x86 = Debug|x86
		Release|Any CPU = Release|Any CPU
		Release|x64 = Release|x64
		Release|x86 = Release|x86
	EndGlobalSection
	GlobalSection(SolutionProperties) = preSolution
		HideSolutionNode = FALSE
	EndGlobalSection
	GlobalSection(ProjectConfigurationPlatforms) = postSolution
		{B124F9EA-94F7-4B16-AF6A-932326B5A02B}.Debug|Any CPU.ActiveCfg = Debug|Any CPU
		{B124F9EA-94F7-4B16-AF6A-932326B5A02B}.Debug|Any CPU.Build.0 = Debug|Any CPU
		{B124F9EA-94F7-4B16-AF6A-932326B5A02B}.Debug|x64.ActiveCfg = Debug|Any CPU
		{B124F9EA-94F7-4B16-AF6A-932326B5A02B}.Debug|x64.Build.0 = Debug|Any CPU
		{B124F9EA-94F7-4B16-AF6A-932326B5A02B}.Debug|x86.ActiveCfg = Debug|Any CPU
		{B124F9EA-94F7-4B16-AF6A-932326B5A02B}.Debug|x86.Build.0 = Debug|Any CPU
		{B124F9EA-94F7-4B16-AF6A-932326B5A02B}.Release|Any CPU.ActiveCfg = Release|Any CPU
		{B124F9EA-94F7-4B16-AF6A-932326B5A02B}.Release|Any CPU.Build.0 = Release|Any CPU
		{B124F9EA-94F7-4B16-AF6A-932326B5A02B}.Release|x64.ActiveCfg = Release|Any CPU
		{B124F9EA-94F7-4B16-AF6A-932326B5A02B}.Release|x64.Build.0 = Release|Any CPU
		{B124F9EA-94F7-4B16-AF6A-932326B5A02B}.Release|x86.ActiveCfg = Release|Any CPU
		{B124F9EA-94F7-4B16-AF6A-932326B5A02B}.Release|x86.Build.0 = Release|Any CPU
		{39DED078-3954-41D5-A88C-01703E71DD1B}.Debug|Any CPU.ActiveCfg = Debug|Any CPU
		{39DED078-3954-41D5-A88C-01703E71DD1B}.Debug|Any CPU.Build.0 = Debug|Any CPU
		{39DED078-3954-41D5-A88C-01703E71DD1B}.Debug|x64.ActiveCfg = Debug|Any CPU
		{39DED078-3954-41D5-A88C-01703E71DD1B}.Debug|x64.Build.0 = Debug|Any CPU
		{39DED078-3954-41D5-A88C-01703E71DD1B}.Debug|x86.ActiveCfg = Debug|Any CPU
		{39DED078-3954-41D5-A88C-01703E71DD1B}.Debug|x86.Build.0 = Debug|Any CPU
		{39DED078-3954-41D5-A88C-01703E71DD1B}.Release|Any CPU.ActiveCfg = Release|Any CPU
		{39DED078-3954-41D5-A88C-01703E71DD1B}.Release|Any CPU.Build.0 = Release|Any CPU
		{39DED078-3954-41D5-A88C-01703E71DD1B}.Release|x64.ActiveCfg = Release|Any CPU
		{39DED078-3954-41D5-A88C-01703E71DD1B}.Release|x64.Build.0 = Release|Any CPU
		{39DED078-3954-41D5-A88C-01703E71DD1B}.Release|x86.ActiveCfg = Release|Any CPU
		{39DED078-3954-41D5-A88C-01703E71DD1B}.Release|x86.Build.0 = Release|Any CPU
		{C07436AA-539B-498E-9252-C13EFD28605C}.Debug|Any CPU.ActiveCfg = Debug|Any CPU
		{C07436AA-539B-498E-9252-C13EFD28605C}.Debug|Any CPU.Build.0 = Debug|Any CPU
		{C07436AA-539B-498E-9252-C13EFD28605C}.Debug|x64.ActiveCfg = Debug|Any CPU
		{C07436AA-539B-498E-9252-C13EFD28605C}.Debug|x64.Build.0 = Debug|Any CPU
		{C07436AA-539B-498E-9252-C13EFD28605C}.Debug|x86.ActiveCfg = Debug|Any CPU
		{C07436AA-539B-498E-9252-C13EFD28605C}.Debug|x86.Build.0 = Debug|Any CPU
		{C07436AA-539B-498E-9252-C13EFD28605C}.Release|Any CPU.ActiveCfg = Release|Any CPU
		{C07436AA-539B-498E-9252-C13EFD28605C}.Release|Any CPU.Build.0 = Release|Any CPU
		{C07436AA-539B-498E-9252-C13EFD28605C}.Release|x64.ActiveCfg = Release|Any CPU
		{C07436AA-539B-498E-9252-C13EFD28605C}.Release|x64.Build.0 = Release|Any CPU
		{C07436AA-539B-498E-9252-C13EFD28605C}.Release|x86.ActiveCfg = Release|Any CPU
		{C07436AA-539B-498E-9252-C13EFD28605C}.Release|x86.Build.0 = Release|Any CPU
		{AEE70B5A-448C-48BF-BB76-2803085A81C7}.Debug|Any CPU.ActiveCfg = Debug|Any CPU
		{AEE70B5A-448C-48BF-BB76-2803085A81C7}.Debug|Any CPU.Build.0 = Debug|Any CPU
		{AEE70B5A-448C-48BF-BB76-2803085A81C7}.Debug|x64.ActiveCfg = Debug|Any CPU
		{AEE70B5A-448C-48BF-BB76-2803085A81C7}.Debug|x64.Build.0 = Debug|Any CPU
		{AEE70B5A-448C-48BF-BB76-2803085A81C7}.Debug|x86.ActiveCfg = Debug|Any CPU
		{AEE70B5A-448C-48BF-BB76-2803085A81C7}.Debug|x86.Build.0 = Debug|Any CPU
		{AEE70B5A-448C-48BF-BB76-2803085A81C7}.Release|Any CPU.ActiveCfg = Release|Any CPU
		{AEE70B5A-448C-48BF-BB76-2803085A81C7}.Release|Any CPU.Build.0 = Release|Any CPU
		{AEE70B5A-448C-48BF-BB76-2803085A81C7}.Release|x64.ActiveCfg = Release|Any CPU
		{AEE70B5A-448C-48BF-BB76-2803085A81C7}.Release|x64.Build.0 = Release|Any CPU
		{AEE70B5A-448C-48BF-BB76-2803085A81C7}.Release|x86.ActiveCfg = Release|Any CPU
		{AEE70B5A-448C-48BF-BB76-2803085A81C7}.Release|x86.Build.0 = Release|Any CPU
		{2A3C3509-D403-469B-BF96-628C96ABA37A}.Debug|Any CPU.ActiveCfg = Debug|Any CPU
		{2A3C3509-D403-469B-BF96-628C96ABA37A}.Debug|Any CPU.Build.0 = Debug|Any CPU
		{2A3C3509-D403-469B-BF96-628C96ABA37A}.Debug|x64.ActiveCfg = Debug|Any CPU
		{2A3C3509-D403-469B-BF96-628C96ABA37A}.Debug|x64.Build.0 = Debug|Any CPU
		{2A3C3509-D403-469B-BF96-628C96ABA37A}.Debug|x86.ActiveCfg = Debug|Any CPU
		{2A3C3509-D403-469B-BF96-628C96ABA37A}.Debug|x86.Build.0 = Debug|Any CPU
		{2A3C3509-D403-469B-BF96-628C96ABA37A}.Release|Any CPU.ActiveCfg = Release|Any CPU
		{2A3C3509-D403-469B-BF96-628C96ABA37A}.Release|Any CPU.Build.0 = Release|Any CPU
		{2A3C3509-D403-469B-BF96-628C96ABA37A}.Release|x64.ActiveCfg = Release|Any CPU
		{2A3C3509-D403-469B-BF96-628C96ABA37A}.Release|x64.Build.0 = Release|Any CPU
		{2A3C3509-D403-469B-BF96-628C96ABA37A}.Release|x86.ActiveCfg = Release|Any CPU
		{2A3C3509-D403-469B-BF96-628C96ABA37A}.Release|x86.Build.0 = Release|Any CPU
		{80075CCE-EAE7-42B0-8493-2ED1230C793E}.Debug|Any CPU.ActiveCfg = Debug|Any CPU
		{80075CCE-EAE7-42B0-8493-2ED1230C793E}.Debug|Any CPU.Build.0 = Debug|Any CPU
		{80075CCE-EAE7-42B0-8493-2ED1230C793E}.Debug|x64.ActiveCfg = Debug|Any CPU
		{80075CCE-EAE7-42B0-8493-2ED1230C793E}.Debug|x64.Build.0 = Debug|Any CPU
		{80075CCE-EAE7-42B0-8493-2ED1230C793E}.Debug|x86.ActiveCfg = Debug|Any CPU
		{80075CCE-EAE7-42B0-8493-2ED1230C793E}.Debug|x86.Build.0 = Debug|Any CPU
		{80075CCE-EAE7-42B0-8493-2ED1230C793E}.Release|Any CPU.ActiveCfg = Release|Any CPU
		{80075CCE-EAE7-42B0-8493-2ED1230C793E}.Release|Any CPU.Build.0 = Release|Any CPU
		{80075CCE-EAE7-42B0-8493-2ED1230C793E}.Release|x64.ActiveCfg = Release|Any CPU
		{80075CCE-EAE7-42B0-8493-2ED1230C793E}.Release|x64.Build.0 = Release|Any CPU
		{80075CCE-EAE7-42B0-8493-2ED1230C793E}.Release|x86.ActiveCfg = Release|Any CPU
		{80075CCE-EAE7-42B0-8493-2ED1230C793E}.Release|x86.Build.0 = Release|Any CPU
		{322CD762-235B-4879-B1D6-5D88D8F69D2E}.Debug|Any CPU.ActiveCfg = Debug|Any CPU
		{322CD762-235B-4879-B1D6-5D88D8F69D2E}.Debug|Any CPU.Build.0 = Debug|Any CPU
		{322CD762-235B-4879-B1D6-5D88D8F69D2E}.Debug|x64.ActiveCfg = Debug|Any CPU
		{322CD762-235B-4879-B1D6-5D88D8F69D2E}.Debug|x64.Build.0 = Debug|Any CPU
		{322CD762-235B-4879-B1D6-5D88D8F69D2E}.Debug|x86.ActiveCfg = Debug|Any CPU
		{322CD762-235B-4879-B1D6-5D88D8F69D2E}.Debug|x86.Build.0 = Debug|Any CPU
		{322CD762-235B-4879-B1D6-5D88D8F69D2E}.Release|Any CPU.ActiveCfg = Release|Any CPU
		{322CD762-235B-4879-B1D6-5D88D8F69D2E}.Release|Any CPU.Build.0 = Release|Any CPU
		{322CD762-235B-4879-B1D6-5D88D8F69D2E}.Release|x64.ActiveCfg = Release|Any CPU
		{322CD762-235B-4879-B1D6-5D88D8F69D2E}.Release|x64.Build.0 = Release|Any CPU
		{322CD762-235B-4879-B1D6-5D88D8F69D2E}.Release|x86.ActiveCfg = Release|Any CPU
		{322CD762-235B-4879-B1D6-5D88D8F69D2E}.Release|x86.Build.0 = Release|Any CPU
		{5F94DC4B-7391-4345-898C-4575B65309A3}.Debug|Any CPU.ActiveCfg = Debug|Any CPU
		{5F94DC4B-7391-4345-898C-4575B65309A3}.Debug|Any CPU.Build.0 = Debug|Any CPU
		{5F94DC4B-7391-4345-898C-4575B65309A3}.Debug|x64.ActiveCfg = Debug|Any CPU
		{5F94DC4B-7391-4345-898C-4575B65309A3}.Debug|x64.Build.0 = Debug|Any CPU
		{5F94DC4B-7391-4345-898C-4575B65309A3}.Debug|x86.ActiveCfg = Debug|Any CPU
		{5F94DC4B-7391-4345-898C-4575B65309A3}.Debug|x86.Build.0 = Debug|Any CPU
		{5F94DC4B-7391-4345-898C-4575B65309A3}.Release|Any CPU.ActiveCfg = Release|Any CPU
		{5F94DC4B-7391-4345-898C-4575B65309A3}.Release|Any CPU.Build.0 = Release|Any CPU
		{5F94DC4B-7391-4345-898C-4575B65309A3}.Release|x64.ActiveCfg = Release|Any CPU
		{5F94DC4B-7391-4345-898C-4575B65309A3}.Release|x64.Build.0 = Release|Any CPU
		{5F94DC4B-7391-4345-898C-4575B65309A3}.Release|x86.ActiveCfg = Release|Any CPU
		{5F94DC4B-7391-4345-898C-4575B65309A3}.Release|x86.Build.0 = Release|Any CPU
		{CD5C1198-DFAF-43ED-BB89-ED7A4F82B663}.Debug|Any CPU.ActiveCfg = Debug|Any CPU
		{CD5C1198-DFAF-43ED-BB89-ED7A4F82B663}.Debug|Any CPU.Build.0 = Debug|Any CPU
		{CD5C1198-DFAF-43ED-BB89-ED7A4F82B663}.Debug|x64.ActiveCfg = Debug|Any CPU
		{CD5C1198-DFAF-43ED-BB89-ED7A4F82B663}.Debug|x64.Build.0 = Debug|Any CPU
		{CD5C1198-DFAF-43ED-BB89-ED7A4F82B663}.Debug|x86.ActiveCfg = Debug|Any CPU
		{CD5C1198-DFAF-43ED-BB89-ED7A4F82B663}.Debug|x86.Build.0 = Debug|Any CPU
		{CD5C1198-DFAF-43ED-BB89-ED7A4F82B663}.Release|Any CPU.ActiveCfg = Release|Any CPU
		{CD5C1198-DFAF-43ED-BB89-ED7A4F82B663}.Release|Any CPU.Build.0 = Release|Any CPU
		{CD5C1198-DFAF-43ED-BB89-ED7A4F82B663}.Release|x64.ActiveCfg = Release|Any CPU
		{CD5C1198-DFAF-43ED-BB89-ED7A4F82B663}.Release|x64.Build.0 = Release|Any CPU
		{CD5C1198-DFAF-43ED-BB89-ED7A4F82B663}.Release|x86.ActiveCfg = Release|Any CPU
		{CD5C1198-DFAF-43ED-BB89-ED7A4F82B663}.Release|x86.Build.0 = Release|Any CPU
		{A7364C49-F85F-4855-A1CA-C1A6DB9DC813}.Debug|Any CPU.ActiveCfg = Debug|Any CPU
		{A7364C49-F85F-4855-A1CA-C1A6DB9DC813}.Debug|Any CPU.Build.0 = Debug|Any CPU
		{A7364C49-F85F-4855-A1CA-C1A6DB9DC813}.Debug|x64.ActiveCfg = Debug|Any CPU
		{A7364C49-F85F-4855-A1CA-C1A6DB9DC813}.Debug|x64.Build.0 = Debug|Any CPU
		{A7364C49-F85F-4855-A1CA-C1A6DB9DC813}.Debug|x86.ActiveCfg = Debug|Any CPU
		{A7364C49-F85F-4855-A1CA-C1A6DB9DC813}.Debug|x86.Build.0 = Debug|Any CPU
		{A7364C49-F85F-4855-A1CA-C1A6DB9DC813}.Release|Any CPU.ActiveCfg = Release|Any CPU
		{A7364C49-F85F-4855-A1CA-C1A6DB9DC813}.Release|Any CPU.Build.0 = Release|Any CPU
		{A7364C49-F85F-4855-A1CA-C1A6DB9DC813}.Release|x64.ActiveCfg = Release|Any CPU
		{A7364C49-F85F-4855-A1CA-C1A6DB9DC813}.Release|x64.Build.0 = Release|Any CPU
		{A7364C49-F85F-4855-A1CA-C1A6DB9DC813}.Release|x86.ActiveCfg = Release|Any CPU
		{A7364C49-F85F-4855-A1CA-C1A6DB9DC813}.Release|x86.Build.0 = Release|Any CPU
	EndGlobalSection
EndGlobal
